
Microsoft Visual Studio Solution File, Format Version 12.00
# Visual Studio 15
VisualStudioVersion = 15.0.26730.3
MinimumVisualStudioVersion = 10.0.40219.1
Project("{FAE04EC0-301F-11D3-BF4B-00C04F79EFBC}") = "vues", "vues\vues.csproj", "{0CF0F997-52E2-4ECD-A2B1-903080AB3BB4}"
EndProject
Project("{FAE04EC0-301F-11D3-BF4B-00C04F79EFBC}") = "metiers", "metiers\metiers.csproj", "{0B029882-CBA8-4277-B834-CF8D9C1F2E77}"
EndProject
Project("{FAE04EC0-301F-11D3-BF4B-00C04F79EFBC}") = "dao", "dao\dao.csproj", "{824F7933-5AE7-48F4-B8D4-0BEC42B2AD12}"
EndProject
Project("{FAE04EC0-301F-11D3-BF4B-00C04F79EFBC}") = "controller", "controller\controller.csproj", "{678F0F88-5D83-4B4F-9604-BA9DF17C2AFB}"
EndProject
Project("{FAE04EC0-301F-11D3-BF4B-00C04F79EFBC}") = "daoSqlServer14", "daoSqlServer14\daoSqlServer14.csproj", "{4F00942C-B567-48F5-9101-AEA0F049665A}"
EndProject
Global
	GlobalSection(SolutionConfigurationPlatforms) = preSolution
		Debug|Any CPU = Debug|Any CPU
		Release|Any CPU = Release|Any CPU
	EndGlobalSection
	GlobalSection(ProjectConfigurationPlatforms) = postSolution
		{0CF0F997-52E2-4ECD-A2B1-903080AB3BB4}.Debug|Any CPU.ActiveCfg = Debug|Any CPU
		{0CF0F997-52E2-4ECD-A2B1-903080AB3BB4}.Debug|Any CPU.Build.0 = Debug|Any CPU
		{0CF0F997-52E2-4ECD-A2B1-903080AB3BB4}.Release|Any CPU.ActiveCfg = Release|Any CPU
		{0CF0F997-52E2-4ECD-A2B1-903080AB3BB4}.Release|Any CPU.Build.0 = Release|Any CPU
		{0B029882-CBA8-4277-B834-CF8D9C1F2E77}.Debug|Any CPU.ActiveCfg = Debug|Any CPU
		{0B029882-CBA8-4277-B834-CF8D9C1F2E77}.Debug|Any CPU.Build.0 = Debug|Any CPU
		{0B029882-CBA8-4277-B834-CF8D9C1F2E77}.Release|Any CPU.ActiveCfg = Release|Any CPU
		{0B029882-CBA8-4277-B834-CF8D9C1F2E77}.Release|Any CPU.Build.0 = Release|Any CPU
		{824F7933-5AE7-48F4-B8D4-0BEC42B2AD12}.Debug|Any CPU.ActiveCfg = Debug|Any CPU
		{824F7933-5AE7-48F4-B8D4-0BEC42B2AD12}.Debug|Any CPU.Build.0 = Debug|Any CPU
		{824F7933-5AE7-48F4-B8D4-0BEC42B2AD12}.Release|Any CPU.ActiveCfg = Release|Any CPU
		{824F7933-5AE7-48F4-B8D4-0BEC42B2AD12}.Release|Any CPU.Build.0 = Release|Any CPU
		{678F0F88-5D83-4B4F-9604-BA9DF17C2AFB}.Debug|Any CPU.ActiveCfg = Debug|Any CPU
		{678F0F88-5D83-4B4F-9604-BA9DF17C2AFB}.Debug|Any CPU.Build.0 = Debug|Any CPU
		{678F0F88-5D83-4B4F-9604-BA9DF17C2AFB}.Release|Any CPU.ActiveCfg = Release|Any CPU
		{678F0F88-5D83-4B4F-9604-BA9DF17C2AFB}.Release|Any CPU.Build.0 = Release|Any CPU
		{4F00942C-B567-48F5-9101-AEA0F049665A}.Debug|Any CPU.ActiveCfg = Debug|Any CPU
		{4F00942C-B567-48F5-9101-AEA0F049665A}.Debug|Any CPU.Build.0 = Debug|Any CPU
		{4F00942C-B567-48F5-9101-AEA0F049665A}.Release|Any CPU.ActiveCfg = Release|Any CPU
		{4F00942C-B567-48F5-9101-AEA0F049665A}.Release|Any CPU.Build.0 = Release|Any CPU
	EndGlobalSection
	GlobalSection(SolutionProperties) = preSolution
		HideSolutionNode = FALSE
	EndGlobalSection
	GlobalSection(ExtensibilityGlobals) = postSolution
		SolutionGuid = {9FB91571-454B-4A26-A4D6-D8A2CC2B19EC}
	EndGlobalSection
EndGlobal
